// !$*UTF8*$!
{
	archiveVersion = 1;
	classes = {
	};
	objectVersion = 77;
	objects = {

/* Begin PBXContainerItemProxy section */
		74E7D0A5304B80B20011630B /* PBXContainerItemProxy */ = {
			isa = PBXContainerItemProxy;
			containerPortal = 74E7D08F304B80AF0011630B /* Project object */;
			proxyType = 1;
			remoteGlobalIDString = 74E7D096304B80AF0011630B;
			remoteInfo = SuiviPatientHealthKit;
		};
		74E7D0AF304B80B20011630B /* PBXContainerItemProxy */ = {
			isa = PBXContainerItemProxy;
			containerPortal = 74E7D08F304B80AF0011630B /* Project object */;
			proxyType = 1;
			remoteGlobalIDString = 74E7D096304B80AF0011630B;
			remoteInfo = SuiviPatientHealthKit;
		};
/* End PBXContainerItemProxy section */

/* Begin PBXFileReference section */
		74E7D097304B80AF0011630B /* SuiviPatientHealthKit.app */ = {isa = PBXFileReference; explicitFileType = wrapper.application; includeInIndex = 0; path = SuiviPatientHealthKit.app; sourceTree = BUILT_PRODUCTS_DIR; };
		74E7D0A4304B80B20011630B /* SuiviPatientHealthKitTests.xctest */ = {isa = PBXFileReference; explicitFileType = wrapper.cfbundle; includeInIndex = 0; path = SuiviPatientHealthKitTests.xctest; sourceTree = BUILT_PRODUCTS_DIR; };
		74E7D0AE304B80B20011630B /* SuiviPatientHealthKitUITests.xctest */ = {isa = PBXFileReference; explicitFileType = wrapper.cfbundle; includeInIndex = 0; path = SuiviPatientHealthKitUITests.xctest; sourceTree = BUILT_PRODUCTS_DIR; };
/* End PBXFileReference section */

/* Begin PBXFileSystemSynchronizedRootGroup section */
		74E7D099304B80AF0011630B /* SuiviPatientHealthKit */ = {
			isa = PBXFileSystemSynchronizedRootGroup;
			path = SuiviPatientHealthKit;
			sourceTree = "<group>";
		};
		74E7D0A7304B80B20011630B /* SuiviPatientHealthKitTests */ = {
			isa = PBXFileSystemSynchronizedRootGroup;
			path = SuiviPatientHealthKitTests;
			sourceTree = "<group>";
		};
		74E7D0B1304B80B20011630B /* SuiviPatientHealthKitUITests */ = {
			isa = PBXFileSystemSynchronizedRootGroup;
			path = SuiviPatientHealthKitUITests;
			sourceTree = "<group>";
		};
/* End PBXFileSystemSynchronizedRootGroup section */

/* Begin PBXFrameworksBuildPhase section */
		74E7D094304B80AF0011630B /* Frameworks */ = {
			isa = PBXFrameworksBuildPhase;
			buildActionMask = 2147483647;
			files = (
			);
			runOnlyForDeploymentPostprocessing = 0;
		};
		74E7D0A1304B80B20011630B /* Frameworks */ = {
			isa = PBXFrameworksBuildPhase;
			buildActionMask = 2147483647;
			files = (
			);
			runOnlyForDeploymentPostprocessing = 0;
		};
		74E7D0AB304B80B20011630B /* Frameworks */ = {
			isa = PBXFrameworksBuildPhase;
			buildActionMask = 2147483647;
			files = (
			);
			runOnlyForDeploymentPostprocessing = 0;
		};
/* End PBXFrameworksBuildPhase section */

/* Begin PBXGroup section */
		74E7D08E304B80AF0011630B = {
			isa = PBXGroup;
			children = (
				74E7D099304B80AF0011630B /* SuiviPatientHealthKit */,
				74E7D0A7304B80B20011630B /* SuiviPatientHealthKitTests */,
				74E7D0B1304B80B20011630B /* SuiviPatientHealthKitUITests */,
				74E7D098304B80AF0011630B /* Products */,
			);
			sourceTree = "<group>";
		};
		74E7D098304B80AF0011630B /* Products */ = {
			isa = PBXGroup;
			children = (
				74E7D097304B80AF0011630B /* SuiviPatientHealthKit.app */,
				74E7D0A4304B80B20011630B /* SuiviPatientHealthKitTests.xctest */,
				74E7D0AE304B80B20011630B /* SuiviPatientHealthKitUITests.xctest */,
			);
			name = Products;
			sourceTree = "<group>";
		};
/* End PBXGroup section */

/* Begin PBXNativeTarget section */
		74E7D096304B80AF0011630B /* SuiviPatientHealthKit */ = {
			isa = PBXNativeTarget;
			buildConfigurationList = 74E7D0B8304B80B20011630B /* Build configuration list for PBXNativeTarget "SuiviPatientHealthKit" */;
			buildPhases = (
				74E7D093304B80AF0011630B /* Sources */,
				74E7D094304B80AF0011630B /* Frameworks */,
				74E7D095304B80AF0011630B /* Resources */,
			);
			buildRules = (
			);
			dependencies = (
			);
			fileSystemSynchronizedGroups = (
				74E7D099304B80AF0011630B /* SuiviPatientHealthKit */,
			);
			name = SuiviPatientHealthKit;
			packageProductDependencies = (
			);
			productName = SuiviPatientHealthKit;
			productReference = 74E7D097304B80AF0011630B /* SuiviPatientHealthKit.app */;
			productType = "com.apple.product-type.application";
		};
		74E7D0A3304B80B20011630B /* SuiviPatientHealthKitTests */ = {
			isa = PBXNativeTarget;
			buildConfigurationList = 74E7D0BB304B80B20011630B /* Build configuration list for PBXNativeTarget "SuiviPatientHealthKitTests" */;
			buildPhases = (
				74E7D0A0304B80B20011630B /* Sources */,
				74E7D0A1304B80B20011630B /* Frameworks */,
				74E7D0A2304B80B20011630B /* Resources */,
			);
			buildRules = (
			);
			dependencies = (
				74E7D0A6304B80B20011630B /* PBXTargetDependency */,
			);
			fileSystemSynchronizedGroups = (
				74E7D0A7304B80B20011630B /* SuiviPatientHealthKitTests */,
			);
			name = SuiviPatientHealthKitTests;
			packageProductDependencies = (
			);
			productName = SuiviPatientHealthKitTests;
			productReference = 74E7D0A4304B80B20011630B /* SuiviPatientHealthKitTests.xctest */;
			productType = "com.apple.product-type.bundle.unit-test";
		};
		74E7D0AD304B80B20011630B /* SuiviPatientHealthKitUITests */ = {
			isa = PBXNativeTarget;
			buildConfigurationList = 74E7D0BE304B80B20011630B /* Build configuration list for PBXNativeTarget "SuiviPatientHealthKitUITests" */;
			buildPhases = (
				74E7D0AA304B80B20011630B /* Sources */,
				74E7D0AB304B80B20011630B /* Frameworks */,
				74E7D0AC304B80B20011630B /* Resources */,
			);
			buildRules = (
			);
			dependencies = (
				74E7D0B0304B80B20011630B /* PBXTargetDependency */,
			);
			fileSystemSynchronizedGroups = (
				74E7D0B1304B80B20011630B /* SuiviPatientHealthKitUITests */,
			);
			name = SuiviPatientHealthKitUITests;
			packageProductDependencies = (
			);
			productName = SuiviPatientHealthKitUITests;
			productReference = 74E7D0AE304B80B20011630B /* SuiviPatientHealthKitUITests.xctest */;
			productType = "com.apple.product-type.bundle.ui-testing";
		};
/* End PBXNativeTarget section */

/* Begin PBXProject section */
		74E7D08F304B80AF0011630B /* Project object */ = {
			isa = PBXProject;
			attributes = {
				BuildIndependentTargetsInParallel = 1;
				LastSwiftUpdateCheck = 2660;
				LastUpgradeCheck = 2660;
				TargetAttributes = {
					74E7D096304B80AF0011630B = {
						CreatedOnToolsVersion = 26.6;
					};
					74E7D0A3304B80B20011630B = {
						CreatedOnToolsVersion = 26.6;
						TestTargetID = 74E7D096304B80AF0011630B;
					};
					74E7D0AD304B80B20011630B = {
						CreatedOnToolsVersion = 26.6;
						TestTargetID = 74E7D096304B80AF0011630B;
					};
				};
			};
			buildConfigurationList = 74E7D092304B80AF0011630B /* Build configuration list for PBXProject "SuiviPatientHealthKit" */;
			developmentRegion = en;
			hasScannedForEncodings = 0;
			knownRegions = (
				en,
				Base,
			);
			mainGroup = 74E7D08E304B80AF0011630B;
			minimizedProjectReferenceProxies = 1;
			preferredProjectObjectVersion = 77;
			productRefGroup = 74E7D098304B80AF0011630B /* Products */;
			projectDirPath = "";
			projectRoot = "";
			targets = (
				74E7D096304B80AF0011630B /* SuiviPatientHealthKit */,
				74E7D0A3304B80B20011630B /* SuiviPatientHealthKitTests */,
				74E7D0AD304B80B20011630B /* SuiviPatientHealthKitUITests */,
			);
		};
/* End PBXProject section */

/* Begin PBXResourcesBuildPhase section */
		74E7D095304B80AF0011630B /* Resources */ = {
			isa = PBXResourcesBuildPhase;
			buildActionMask = 2147483647;
			files = (
			);
			runOnlyForDeploymentPostprocessing = 0;
		};
		74E7D0A2304B80B20011630B /* Resources */ = {
			isa = PBXResourcesBuildPhase;
			buildActionMask = 2147483647;
			files = (
			);
			runOnlyForDeploymentPostprocessing = 0;
		};
		74E7D0AC304B80B20011630B /* Resources */ = {
			isa = PBXResourcesBuildPhase;
			buildActionMask = 2147483647;
			files = (
			);
			runOnlyForDeploymentPostprocessing = 0;
		};
/* End PBXResourcesBuildPhase section */

/* Begin PBXSourcesBuildPhase section */
		74E7D093304B80AF0011630B /* Sources */ = {
			isa = PBXSourcesBuildPhase;
			buildActionMask = 2147483647;
			files = (
			);
			runOnlyForDeploymentPostprocessing = 0;
		};
		74E7D0A0304B80B20011630B /* Sources */ = {
			isa = PBXSourcesBuildPhase;
			buildActionMask = 2147483647;
			files = (
			);
			runOnlyForDeploymentPostprocessing = 0;
		};
		74E7D0AA304B80B20011630B /* Sources */ = {
			isa = PBXSourcesBuildPhase;
			buildActionMask = 2147483647;
			files = (
			);
			runOnlyForDeploymentPostprocessing = 0;
		};
/* End PBXSourcesBuildPhase section */

/* Begin PBXTargetDependency section */
		74E7D0A6304B80B20011630B /* PBXTargetDependency */ = {
			isa = PBXTargetDependency;
			target = 74E7D096304B80AF0011630B /* SuiviPatientHealthKit */;
			targetProxy = 74E7D0A5304B80B20011630B /* PBXContainerItemProxy */;
		};
		74E7D0B0304B80B20011630B /* PBXTargetDependency */ = {
			isa = PBXTargetDependency;
			target = 74E7D096304B80AF0011630B /* SuiviPatientHealthKit */;
			targetProxy = 74E7D0AF304B80B20011630B /* PBXContainerItemProxy */;
		};
/* End PBXTargetDependency section */

/* Begin XCBuildConfiguration section */
		74E7D0B6304B80B20011630B /* Debug */ = {
			isa = XCBuildConfiguration;
			buildSettings = {
				ALWAYS_SEARCH_USER_PATHS = NO;
				ASSETCATALOG_COMPILER_GENERATE_SWIFT_ASSET_SYMBOL_EXTENSIONS = YES;
				CLANG_ANALYZER_NONNULL = YES;
				CLANG_ANALYZER_NUMBER_OBJECT_CONVERSION = YES_AGGRESSIVE;
				CLANG_CXX_LANGUAGE_STANDARD = "gnu++20";
				CLANG_ENABLE_MODULES = YES;
				CLANG_ENABLE_OBJC_ARC = YES;
				CLANG_ENABLE_OBJC_WEAK = YES;
				CLANG_WARN_BLOCK_CAPTURE_AUTORELEASING = YES;
				CLANG_WARN_BOOL_CONVERSION = YES;
				CLANG_WARN_COMMA = YES;
				CLANG_WARN_CONSTANT_CONVERSION = YES;
				CLANG_WARN_DEPRECATED_OBJC_IMPLEMENTATIONS = YES;
				CLANG_WARN_DIRECT_OBJC_ISA_USAGE = YES_ERROR;
				CLANG_WARN_DOCUMENTATION_COMMENTS = YES;
				CLANG_WARN_EMPTY_BODY = YES;
				CLANG_WARN_ENUM_CONVERSION = YES;
				CLANG_WARN_INFINITE_RECURSION = YES;
				CLANG_WARN_INT_CONVERSION = YES;
				CLANG_WARN_NON_LITERAL_NULL_CONVERSION = YES;
				CLANG_WARN_OBJC_IMPLICIT_RETAIN_SELF = YES;
				CLANG_WARN_OBJC_LITERAL_CONVERSION = YES;
				CLANG_WARN_OBJC_ROOT_CLASS = YES_ERROR;
				CLANG_WARN_QUOTED_INCLUDE_IN_FRAMEWORK_HEADER = YES;
				CLANG_WARN_RANGE_LOOP_ANALYSIS = YES;
				CLANG_WARN_STRICT_PROTOTYPES = YES;
				CLANG_WARN_SUSPICIOUS_MOVE = YES;
				CLANG_WARN_UNGUARDED_AVAILABILITY = YES_AGGRESSIVE;
				CLANG_WARN_UNREACHABLE_CODE = YES;
				CLANG_WARN__DUPLICATE_METHOD_MATCH = YES;
				COPY_PHASE_STRIP = NO;
				DEBUG_INFORMATION_FORMAT = dwarf;
				ENABLE_STRICT_OBJC_MSGSEND = YES;
				ENABLE_TESTABILITY = YES;
				ENABLE_USER_SCRIPT_SANDBOXING = YES;
				GCC_C_LANGUAGE_STANDARD = gnu17;
				GCC_DYNAMIC_NO_PIC = NO;
				GCC_NO_COMMON_BLOCKS = YES;
				GCC_OPTIMIZATION_LEVEL = 0;
				GCC_PREPROCESSOR_DEFINITIONS = (
					"DEBUG=1",
					"$(inherited)",
				);
				GCC_WARN_64_TO_32_BIT_CONVERSION = YES;
				GCC_WARN_ABOUT_RETURN_TYPE = YES_ERROR;
				GCC_WARN_UNDECLARED_SELECTOR = YES;
				GCC_WARN_UNINITIALIZED_AUTOS = YES_AGGRESSIVE;
				GCC_WARN_UNUSED_FUNCTION = YES;
				GCC_WARN_UNUSED_VARIABLE = YES;
				IPHONEOS_DEPLOYMENT_TARGET = 26.5;
				LOCALIZATION_PREFERS_STRING_CATALOGS = YES;
				MTL_ENABLE_DEBUG_INFO = INCLUDE_SOURCE;
				MTL_FAST_MATH = YES;
				ONLY_ACTIVE_ARCH = YES;
				SDKROOT = iphoneos;
				SWIFT_ACTIVE_COMPILATION_CONDITIONS = "DEBUG $(inherited)";
				SWIFT_OPTIMIZATION_LEVEL = "-Onone";
			};
			name = Debug;
		};
		74E7D0B7304B80B20011630B /* Release */ = {
			isa = XCBuildConfiguration;
			buildSettings = {
				ALWAYS_SEARCH_USER_PATHS = NO;
				ASSETCATALOG_COMPILER_GENERATE_SWIFT_ASSET_SYMBOL_EXTENSIONS = YES;
				CLANG_ANALYZER_NONNULL = YES;
				CLANG_ANALYZER_NUMBER_OBJECT_CONVERSION = YES_AGGRESSIVE;
				CLANG_CXX_LANGUAGE_STANDARD = "gnu++20";
				CLANG_ENABLE_MODULES = YES;
				CLANG_ENABLE_OBJC_ARC = YES;
				CLANG_ENABLE_OBJC_WEAK = YES;
				CLANG_WARN_BLOCK_CAPTURE_AUTORELEASING = YES;
				CLANG_WARN_BOOL_CONVERSION = YES;
				CLANG_WARN_COMMA = YES;
				CLANG_WARN_CONSTANT_CONVERSION = YES;
				CLANG_WARN_DEPRECATED_OBJC_IMPLEMENTATIONS = YES;
				CLANG_WARN_DIRECT_OBJC_ISA_USAGE = YES_ERROR;
				CLANG_WARN_DOCUMENTATION_COMMENTS = YES;
				CLANG_WARN_EMPTY_BODY = YES;
				CLANG_WARN_ENUM_CONVERSION = YES;
				CLANG_WARN_INFINITE_RECURSION = YES;
				CLANG_WARN_INT_CONVERSION = YES;
				CLANG_WARN_NON_LITERAL_NULL_CONVERSION = YES;
				CLANG_WARN_OBJC_IMPLICIT_RETAIN_SELF = YES;
				CLANG_WARN_OBJC_LITERAL_CONVERSION = YES;
				CLANG_WARN_OBJC_ROOT_CLASS = YES_ERROR;
				CLANG_WARN_QUOTED_INCLUDE_IN_FRAMEWORK_HEADER = YES;
				CLANG_WARN_RANGE_LOOP_ANALYSIS = YES;
				CLANG_WARN_STRICT_PROTOTYPES = YES;
				CLANG_WARN_SUSPICIOUS_MOVE = YES;
				CLANG_WARN_UNGUARDED_AVAILABILITY = YES_AGGRESSIVE;
				CLANG_WARN_UNREACHABLE_CODE = YES;
				CLANG_WARN__DUPLICATE_METHOD_MATCH = YES;
				COPY_PHASE_STRIP = NO;
				DEBUG_INFORMATION_FORMAT = "dwarf-with-dsym";
				ENABLE_NS_ASSERTIONS = NO;
				ENABLE_STRICT_OBJC_MSGSEND = YES;
				ENABLE_USER_SCRIPT_SANDBOXING = YES;
				GCC_C_LANGUAGE_STANDARD = gnu17;
				GCC_NO_COMMON_BLOCKS = YES;
				GCC_WARN_64_TO_32_BIT_CONVERSION = YES;
				GCC_WARN_ABOUT_RETURN_TYPE = YES_ERROR;
				GCC_WARN_UNDECLARED_SELECTOR = YES;
				GCC_WARN_UNINITIALIZED_AUTOS = YES_AGGRESSIVE;
				GCC_WARN_UNUSED_FUNCTION = YES;
				GCC_WARN_UNUSED_VARIABLE = YES;
				IPHONEOS_DEPLOYMENT_TARGET = 26.5;
				LOCALIZATION_PREFERS_STRING_CATALOGS = YES;
				MTL_ENABLE_DEBUG_INFO = NO;
				MTL_FAST_MATH = YES;
				SDKROOT = iphoneos;
				SWIFT_COMPILATION_MODE = wholemodule;
				VALIDATE_PRODUCT = YES;
			};
			name = Release;
		};
		74E7D0B9304B80B20011630B /* Debug */ = {
			isa = XCBuildConfiguration;
			buildSettings = {
				ASSETCATALOG_COMPILER_APPICON_NAME = AppIcon;
				ASSETCATALOG_COMPILER_GLOBAL_ACCENT_COLOR_NAME = AccentColor;
				CODE_SIGN_ENTITLEMENTS = SuiviPatientHealthKit/SuiviPatientHealthKit.entitlements;
				CODE_SIGN_IDENTITY = "Apple Development";
				CODE_SIGN_STYLE = Automatic;
				CURRENT_PROJECT_VERSION = 1;
				DEVELOPMENT_TEAM = ZN96X48S3U;
				ENABLE_PREVIEWS = YES;
				GENERATE_INFOPLIST_FILE = YES;
				INFOPLIST_KEY_NSHealthShareUsageDescription = "SuiviPatient utilise vos données Apple Health pour suivre votre état de santé avec votre accord.";
				INFOPLIST_KEY_NSLocalNetworkUsageDescription = "SuiviPatient se connecte à votre Mac sur le réseau local pour synchroniser vos données de santé.";
				INFOPLIST_KEY_NSAppTransportSecurity_NSAllowsLocalNetworking = YES;
				INFOPLIST_KEY_UIApplicationSceneManifest_Generation = YES;
				INFOPLIST_KEY_UIApplicationSupportsIndirectInputEvents = YES;
				INFOPLIST_KEY_UILaunchScreen_Generation = YES;
				INFOPLIST_KEY_UISupportedInterfaceOrientations_iPad = "UIInterfaceOrientationPortrait UIInterfaceOrientationPortraitUpsideDown UIInterfaceOrientationLandscapeLeft UIInterfaceOrientationLandscapeRight";
				INFOPLIST_KEY_UISupportedInterfaceOrientations_iPhone = "UIInterfaceOrientationPortrait UIInterfaceOrientationLandscapeLeft UIInterfaceOrientationLandscapeRight";
				LD_RUNPATH_SEARCH_PATHS = (
					"$(inherited)",
					"@executable_path/Frameworks",
				);
				MARKETING_VERSION = 1.0;
				PRODUCT_BUNDLE_IDENTIFIER = com.chocobain.suivipatient.healthkit;
				PRODUCT_NAME = "$(TARGET_NAME)";
				PROVISIONING_PROFILE_SPECIFIER = "";
				STRING_CATALOG_GENERATE_SYMBOLS = YES;
				SWIFT_APPROACHABLE_CONCURRENCY = YES;
				SWIFT_DEFAULT_ACTOR_ISOLATION = MainActor;
				SWIFT_EMIT_LOC_STRINGS = YES;
				SWIFT_UPCOMING_FEATURE_MEMBER_IMPORT_VISIBILITY = YES;
				SWIFT_VERSION = 5.0;
				TARGETED_DEVICE_FAMILY = "1,2";
			};
			name = Debug;
		};
		74E7D0BA304B80B20011630B /* Release */ = {
			isa = XCBuildConfiguration;
			buildSettings = {
				ASSETCATALOG_COMPILER_APPICON_NAME = AppIcon;
				ASSETCATALOG_COMPILER_GLOBAL_ACCENT_COLOR_NAME = AccentColor;
				CODE_SIGN_ENTITLEMENTS = SuiviPatientHealthKit/SuiviPatientHealthKit.entitlements;
				CODE_SIGN_IDENTITY = "Apple Development";
				CODE_SIGN_STYLE = Automatic;
				CURRENT_PROJECT_VERSION = 1;
				DEVELOPMENT_TEAM = ZN96X48S3U;
				ENABLE_PREVIEWS = YES;
				GENERATE_INFOPLIST_FILE = YES;
				INFOPLIST_KEY_NSHealthShareUsageDescription = "SuiviPatient utilise vos données Apple Health pour suivre votre état de santé avec votre accord.";
				INFOPLIST_KEY_NSLocalNetworkUsageDescription = "SuiviPatient se connecte à votre Mac sur le réseau local pour synchroniser vos données de santé.";
				INFOPLIST_KEY_NSAppTransportSecurity_NSAllowsLocalNetworking = YES;
				INFOPLIST_KEY_UIApplicationSceneManifest_Generation = YES;
				INFOPLIST_KEY_UIApplicationSupportsIndirectInputEvents = YES;
				INFOPLIST_KEY_UILaunchScreen_Generation = YES;
				INFOPLIST_KEY_UISupportedInterfaceOrientations_iPad = "UIInterfaceOrientationPortrait UIInterfaceOrientationPortraitUpsideDown UIInterfaceOrientationLandscapeLeft UIInterfaceOrientationLandscapeRight";
				INFOPLIST_KEY_UISupportedInterfaceOrientations_iPhone = "UIInterfaceOrientationPortrait UIInterfaceOrientationLandscapeLeft UIInterfaceOrientationLandscapeRight";
				LD_RUNPATH_SEARCH_PATHS = (
					"$(inherited)",
					"@executable_path/Frameworks",
				);
				MARKETING_VERSION = 1.0;
				PRODUCT_BUNDLE_IDENTIFIER = com.chocobain.suivipatient.healthkit;
				PRODUCT_NAME = "$(TARGET_NAME)";
				PROVISIONING_PROFILE_SPECIFIER = "";
				STRING_CATALOG_GENERATE_SYMBOLS = YES;
				SWIFT_APPROACHABLE_CONCURRENCY = YES;
				SWIFT_DEFAULT_ACTOR_ISOLATION = MainActor;
				SWIFT_EMIT_LOC_STRINGS = YES;
				SWIFT_UPCOMING_FEATURE_MEMBER_IMPORT_VISIBILITY = YES;
				SWIFT_VERSION = 5.0;
				TARGETED_DEVICE_FAMILY = "1,2";
			};
			name = Release;
		};
		74E7D0BC304B80B20011630B /* Debug */ = {
			isa = XCBuildConfiguration;
			buildSettings = {
				BUNDLE_LOADER = "$(TEST_HOST)";
				CODE_SIGN_STYLE = Automatic;
				CURRENT_PROJECT_VERSION = 1;
				GENERATE_INFOPLIST_FILE = YES;
				IPHONEOS_DEPLOYMENT_TARGET = 26.5;
				MARKETING_VERSION = 1.0;
				PRODUCT_BUNDLE_IDENTIFIER = test.SuiviPatientHealthKitTests;
				PRODUCT_NAME = "$(TARGET_NAME)";
				STRING_CATALOG_GENERATE_SYMBOLS = NO;
				SWIFT_APPROACHABLE_CONCURRENCY = YES;
				SWIFT_EMIT_LOC_STRINGS = NO;
				SWIFT_UPCOMING_FEATURE_MEMBER_IMPORT_VISIBILITY = YES;
				SWIFT_VERSION = 5.0;
				TARGETED_DEVICE_FAMILY = "1,2";
				TEST_HOST = "$(BUILT_PRODUCTS_DIR)/SuiviPatientHealthKit.app/$(BUNDLE_EXECUTABLE_FOLDER_PATH)/SuiviPatientHealthKit";
			};
			name = Debug;
		};
		74E7D0BD304B80B20011630B /* Release */ = {
			isa = XCBuildConfiguration;
			buildSettings = {
				BUNDLE_LOADER = "$(TEST_HOST)";
				CODE_SIGN_STYLE = Automatic;
				CURRENT_PROJECT_VERSION = 1;
				GENERATE_INFOPLIST_FILE = YES;
				IPHONEOS_DEPLOYMENT_TARGET = 26.5;
				MARKETING_VERSION = 1.0;
				PRODUCT_BUNDLE_IDENTIFIER = test.SuiviPatientHealthKitTests;
				PRODUCT_NAME = "$(TARGET_NAME)";
				STRING_CATALOG_GENERATE_SYMBOLS = NO;
				SWIFT_APPROACHABLE_CONCURRENCY = YES;
				SWIFT_EMIT_LOC_STRINGS = NO;
				SWIFT_UPCOMING_FEATURE_MEMBER_IMPORT_VISIBILITY = YES;
				SWIFT_VERSION = 5.0;
				TARGETED_DEVICE_FAMILY = "1,2";
				TEST_HOST = "$(BUILT_PRODUCTS_DIR)/SuiviPatientHealthKit.app/$(BUNDLE_EXECUTABLE_FOLDER_PATH)/SuiviPatientHealthKit";
			};
			name = Release;
		};
		74E7D0BF304B80B20011630B /* Debug */ = {
			isa = XCBuildConfiguration;
			buildSettings = {
				CODE_SIGN_STYLE = Automatic;
				CURRENT_PROJECT_VERSION = 1;
				GENERATE_INFOPLIST_FILE = YES;
				MARKETING_VERSION = 1.0;
				PRODUCT_BUNDLE_IDENTIFIER = test.SuiviPatientHealthKitUITests;
				PRODUCT_NAME = "$(TARGET_NAME)";
				STRING_CATALOG_GENERATE_SYMBOLS = NO;
				SWIFT_APPROACHABLE_CONCURRENCY = YES;
				SWIFT_EMIT_LOC_STRINGS = NO;
				SWIFT_UPCOMING_FEATURE_MEMBER_IMPORT_VISIBILITY = YES;
				SWIFT_VERSION = 5.0;
				TARGETED_DEVICE_FAMILY = "1,2";
				TEST_TARGET_NAME = SuiviPatientHealthKit;
			};
			name = Debug;
		};
		74E7D0C0304B80B20011630B /* Release */ = {
			isa = XCBuildConfiguration;
			buildSettings = {
				CODE_SIGN_STYLE = Automatic;
				CURRENT_PROJECT_VERSION = 1;
				GENERATE_INFOPLIST_FILE = YES;
				MARKETING_VERSION = 1.0;
				PRODUCT_BUNDLE_IDENTIFIER = test.SuiviPatientHealthKitUITests;
				PRODUCT_NAME = "$(TARGET_NAME)";
				STRING_CATALOG_GENERATE_SYMBOLS = NO;
				SWIFT_APPROACHABLE_CONCURRENCY = YES;
				SWIFT_EMIT_LOC_STRINGS = NO;
				SWIFT_UPCOMING_FEATURE_MEMBER_IMPORT_VISIBILITY = YES;
				SWIFT_VERSION = 5.0;
				TARGETED_DEVICE_FAMILY = "1,2";
				TEST_TARGET_NAME = SuiviPatientHealthKit;
			};
			name = Release;
		};
/* End XCBuildConfiguration section */

/* Begin XCConfigurationList section */
		74E7D092304B80AF0011630B /* Build configuration list for PBXProject "SuiviPatientHealthKit" */ = {
			isa = XCConfigurationList;
			buildConfigurations = (
				74E7D0B6304B80B20011630B /* Debug */,
				74E7D0B7304B80B20011630B /* Release */,
			);
			defaultConfigurationIsVisible = 0;
			defaultConfigurationName = Release;
		};
		74E7D0B8304B80B20011630B /* Build configuration list for PBXNativeTarget "SuiviPatientHealthKit" */ = {
			isa = XCConfigurationList;
			buildConfigurations = (
				74E7D0B9304B80B20011630B /* Debug */,
				74E7D0BA304B80B20011630B /* Release */,
			);
			defaultConfigurationIsVisible = 0;
			defaultConfigurationName = Release;
		};
		74E7D0BB304B80B20011630B /* Build configuration list for PBXNativeTarget "SuiviPatientHealthKitTests" */ = {
			isa = XCConfigurationList;
			buildConfigurations = (
				74E7D0BC304B80B20011630B /* Debug */,
				74E7D0BD304B80B20011630B /* Release */,
			);
			defaultConfigurationIsVisible = 0;
			defaultConfigurationName = Release;
		};
		74E7D0BE304B80B20011630B /* Build configuration list for PBXNativeTarget "SuiviPatientHealthKitUITests" */ = {
			isa = XCConfigurationList;
			buildConfigurations = (
				74E7D0BF304B80B20011630B /* Debug */,
				74E7D0C0304B80B20011630B /* Release */,
			);
			defaultConfigurationIsVisible = 0;
			defaultConfigurationName = Release;
		};
/* End XCConfigurationList section */
	};
	rootObject = 74E7D08F304B80AF0011630B /* Project object */;
}
